{
  "version": 4,
  "terraform_version": "1.12.0",
  "serial": 26,
  "lineage": "baec2cc6-77ce-0547-5568-a71ef78517b2",
  "outputs": {},
  "resources": [
    {
      "mode": "managed",
      "type": "google_compute_disk",
      "name": "db-disk",
      "provider": "provider[\"registry.terraform.io/hashicorp/google\"]",
      "instances": [
        {
          "schema_version": 0,
          "attributes": {
            "access_mode": "",
            "architecture": null,
            "async_primary_disk": [],
            "create_snapshot_before_destroy": false,
            "create_snapshot_before_destroy_prefix": null,
            "creation_timestamp": "2025-05-21T08:26:25.885-07:00",
            "description": "",
            "disk_encryption_key": [],
            "disk_id": "5772873143412608590",
            "effective_labels": {
              "goog-terraform-provisioned": "true"
            },
            "enable_confidential_compute": false,
            "guest_os_features": [],
            "id": "projects/gcp-4linux-460412/zones/us-central1-a/disks/db-disk",
            "image": "",
            "label_fingerprint": "vezUS-42LLM=",
            "labels": {},
            "last_attach_timestamp": "2025-05-21T08:29:38.851-07:00",
            "last_detach_timestamp": "",
            "licenses": [],
            "name": "db-disk",
            "params": [],
            "physical_block_size_bytes": 4096,
            "project": "gcp-4linux-460412",
            "provisioned_iops": 0,
            "provisioned_throughput": 0,
            "self_link": "https://www.googleapis.com/compute/v1/projects/gcp-4linux-460412/zones/us-central1-a/disks/db-disk",
            "size": 25,
            "snapshot": "",
            "source_disk": "",
            "source_disk_id": "",
            "source_image_encryption_key": [],
            "source_image_id": "",
            "source_instant_snapshot": "",
            "source_instant_snapshot_id": "",
            "source_snapshot_encryption_key": [],
            "source_snapshot_id": "",
            "source_storage_object": null,
            "storage_pool": "",
            "terraform_labels": {
              "goog-terraform-provisioned": "true"
            },
            "timeouts": null,
            "type": "pd-ssd",
            "users": [
              "https://www.googleapis.com/compute/v1/projects/gcp-4linux-460412/zones/us-central1-a/instances/tf-chapter6"
            ],
            "zone": "us-central1-a"
          },
          "sensitive_attributes": [],
          "identity_schema_version": 0,
          "private": "eyJlMmJmYjczMC1lY2FhLTExZTYtOGY4OC0zNDM2M2JjN2M0YzAiOnsiY3JlYXRlIjoxMjAwMDAwMDAwMDAwLCJkZWxldGUiOjEyMDAwMDAwMDAwMDAsInVwZGF0ZSI6MTIwMDAwMDAwMDAwMH19"
        }
      ]
    }
  ],
  "check_results": null
}
